
Microsoft Visual Studio Solution File, Format Version 12.00
# Visual Studio Version 17
VisualStudioVersion = 17.0.31903.59
MinimumVisualStudioVersion = 10.0.40219.1
Project("{FAE04EC0-301F-11D3-BF4B-00C04F79EFBC}") = "Arahk.CMS.Api", "Arahk.CMS.Api\Arahk.CMS.Api.csproj", "{D963497A-261F-427E-B441-AACAFB240321}"
EndProject
Project("{FAE04EC0-301F-11D3-BF4B-00C04F79EFBC}") = "Arahk.CMS.Application", "Arahk.CMS.Application\Arahk.CMS.Application.csproj", "{3AE947EC-C8E3-4455-933D-BE2768D7A590}"
EndProject
Project("{FAE04EC0-301F-11D3-BF4B-00C04F79EFBC}") = "Arahk.CMS.Domain", "Arahk.CMS.Domain\Arahk.CMS.Domain.csproj", "{D325F1A3-9FB7-4EFE-B945-405F5D457E73}"
EndProject
Project("{FAE04EC0-301F-11D3-BF4B-00C04F79EFBC}") = "Arahk.CMS.Infrastructure", "Arahk.CMS.Infrastructure\Arahk.CMS.Infrastructure.csproj", "{65BB8830-0960-4731-80AE-B97AF6983AFC}"
EndProject
Project("{FAE04EC0-301F-11D3-BF4B-00C04F79EFBC}") = "Arahk.CMS.Api.Tests", "Arahk.CMS.Api.Tests\Arahk.CMS.Api.Tests.csproj", "{ED133109-2FC3-47F8-A14E-A222CF406C6C}"
EndProject
Global
	GlobalSection(SolutionConfigurationPlatforms) = preSolution
		Debug|Any CPU = Debug|Any CPU
		Release|Any CPU = Release|Any CPU
	EndGlobalSection
	GlobalSection(SolutionProperties) = preSolution
		HideSolutionNode = FALSE
	EndGlobalSection
	GlobalSection(ProjectConfigurationPlatforms) = postSolution
		{D963497A-261F-427E-B441-AACAFB240321}.Debug|Any CPU.ActiveCfg = Debug|Any CPU
		{D963497A-261F-427E-B441-AACAFB240321}.Debug|Any CPU.Build.0 = Debug|Any CPU
		{D963497A-261F-427E-B441-AACAFB240321}.Release|Any CPU.ActiveCfg = Release|Any CPU
		{D963497A-261F-427E-B441-AACAFB240321}.Release|Any CPU.Build.0 = Release|Any CPU
		{3AE947EC-C8E3-4455-933D-BE2768D7A590}.Debug|Any CPU.ActiveCfg = Debug|Any CPU
		{3AE947EC-C8E3-4455-933D-BE2768D7A590}.Debug|Any CPU.Build.0 = Debug|Any CPU
		{3AE947EC-C8E3-4455-933D-BE2768D7A590}.Release|Any CPU.ActiveCfg = Release|Any CPU
		{3AE947EC-C8E3-4455-933D-BE2768D7A590}.Release|Any CPU.Build.0 = Release|Any CPU
		{D325F1A3-9FB7-4EFE-B945-405F5D457E73}.Debug|Any CPU.ActiveCfg = Debug|Any CPU
		{D325F1A3-9FB7-4EFE-B945-405F5D457E73}.Debug|Any CPU.Build.0 = Debug|Any CPU
		{D325F1A3-9FB7-4EFE-B945-405F5D457E73}.Release|Any CPU.ActiveCfg = Release|Any CPU
		{D325F1A3-9FB7-4EFE-B945-405F5D457E73}.Release|Any CPU.Build.0 = Release|Any CPU
		{65BB8830-0960-4731-80AE-B97AF6983AFC}.Debug|Any CPU.ActiveCfg = Debug|Any CPU
		{65BB8830-0960-4731-80AE-B97AF6983AFC}.Debug|Any CPU.Build.0 = Debug|Any CPU
		{65BB8830-0960-4731-80AE-B97AF6983AFC}.Release|Any CPU.ActiveCfg = Release|Any CPU
		{65BB8830-0960-4731-80AE-B97AF6983AFC}.Release|Any CPU.Build.0 = Release|Any CPU
		{ED133109-2FC3-47F8-A14E-A222CF406C6C}.Debug|Any CPU.ActiveCfg = Debug|Any CPU
		{ED133109-2FC3-47F8-A14E-A222CF406C6C}.Debug|Any CPU.Build.0 = Debug|Any CPU
		{ED133109-2FC3-47F8-A14E-A222CF406C6C}.Release|Any CPU.ActiveCfg = Release|Any CPU
		{ED133109-2FC3-47F8-A14E-A222CF406C6C}.Release|Any CPU.Build.0 = Release|Any CPU
	EndGlobalSection
EndGlobal
